# This file is autogenerated, do not edit; changes may be undone by the next 'dep ensure'.


[[projects]]
  branch = "master"
  digest = "1:a6ee88533c6554216567f148bc4558f0bbd217c9fb73483936a26ba8a753024b"
  name = "github.com/chrisjpalmer/monorepotest"
  packages = [
    "pkg1",
    "pkg2",
  ]
  pruneopts = "UT"
  revision = "20ff091a276b4987e996f055c629d3e107cfc293"

[solve-meta]
  analyzer-name = "dep"
  analyzer-version = 1
  input-imports = [
    "github.com/chrisjpalmer/monorepotest/pkg1",
    "github.com/chrisjpalmer/monorepotest/pkg2",
  ]
  solver-name = "gps-cdcl"
  solver-version = 1
